<?xml version="1.0" encoding="utf-8"?>
<Project ToolsVersion="4.0" xmlns="http://schemas.microsoft.com/developer/msbuild/2003">
  <ItemGroup>
    <Filter Include="Source Files">
      <UniqueIdentifier>{4FC737F1-C7A5-4376-A066-2A32D752A2FF}</UniqueIdentifier>
      <Extensions>cpp;c;cc;cxx;c++;cppm;ixx;def;odl;idl;hpj;bat;asm;asmx</Extensions>
    </Filter>
    <Filter Include="Header Files">
      <UniqueIdentifier>{93995380-89BD-4b04-88EB-625FBE52EBFB}</UniqueIdentifier>
      <Extensions>h;hh;hpp;hxx;h++;hm;inl;inc;ipp;xsd</Extensions>
    </Filter>
    <Filter Include="Source Files\N">
      <UniqueIdentifier>{51f14807-882f-420f-89b9-8161729e6b0c}</UniqueIdentifier>
    </Filter>
    <Filter Include="Source Files\Resource Files">
      <UniqueIdentifier>{67DA6AB6-F800-4c08-8B7A-83BB121AAD01}</UniqueIdentifier>
      <Extensions>rc;ico;cur;bmp;dlg;rc2;rct;bin;rgs;gif;jpg;jpeg;jpe;resx;tiff;tif;png;wav;mfcribbon-ms</Extensions>
    </Filter>
    <Filter Include="Source Files\Resource Files\CppCommponents">
      <UniqueIdentifier>{4f58d23c-5c63-4eae-a43e-4e08a25f2b45}</UniqueIdentifier>
    </Filter>
    <Filter Include="glsl_shaders">
      <UniqueIdentifier>{b562be7d-4427-4c7f-9b2d-f6c54c57c297}</UniqueIdentifier>
    </Filter>
    <Filter Include="Source Files\Shaders">
      <UniqueIdentifier>{71fd69e9-7120-40ee-9891-0e717c2b3a22}</UniqueIdentifier>
    </Filter>
    <Filter Include="Source Files\Resource Files\Scene">
      <UniqueIdentifier>{571e15e2-420a-4ea9-9aa4-357da8941f9f}</UniqueIdentifier>
    </Filter>
    <Filter Include="Source Files\Shaders\ShaderWriter">
      <UniqueIdentifier>{9f35bc23-9eac-4491-9e96-8a017727fcad}</UniqueIdentifier>
    </Filter>
    <Filter Include="Source Files\Shaders\GUniverse">
      <UniqueIdentifier>{034d9a6a-fc5a-49af-97b0-d1a0ebd5b921}</UniqueIdentifier>
    </Filter>
    <Filter Include="Source Files\Universe_25_09_2025_23_44">
      <UniqueIdentifier>{04575893-8bce-48d3-b34c-24dc7eec1c86}</UniqueIdentifier>
    </Filter>
  </ItemGroup>
  <ItemGroup>
    <ClCompile Include="main.cpp">
      <Filter>Source Files</Filter>
    </ClCompile>
    <ClCompile Include="CppCommponents\File.cpp">
      <Filter>Source Files\Resource Files\CppCommponents</Filter>
    </ClCompile>
    <ClCompile Include="CppCommponents\Folder.cpp">
      <Filter>Source Files\Resource Files\CppCommponents</Filter>
    </ClCompile>
    <ClCompile Include="CppCommponents\ImageRGBA.cpp">
      <Filter>Source Files\Resource Files\CppCommponents</Filter>
    </ClCompile>
    <ClCompile Include="CppCommponents\NameGenerators.cpp">
      <Filter>Source Files\Resource Files\CppCommponents</Filter>
    </ClCompile>
    <ClCompile Include="CppCommponents\Rectangle2d.cpp">
      <Filter>Source Files\Resource Files\CppCommponents</Filter>
    </ClCompile>
    <ClCompile Include="CppCommponents\Search_BreadthFirst_2d.cpp">
      <Filter>Source Files\Resource Files\CppCommponents</Filter>
    </ClCompile>
    <ClCompile Include="MaybeUsfullInFuture.cpp">
      <Filter>Source Files\N</Filter>
    </ClCompile>
    <ClCompile Include="Scene.cpp">
      <Filter>Source Files\Resource Files\Scene</Filter>
    </ClCompile>
    <ClCompile Include="ShaderWriter.cpp">
      <Filter>Source Files\Shaders\ShaderWriter</Filter>
    </ClCompile>
    <ClCompile Include="Float1024.cpp">
      <Filter>Source Files\Resource Files</Filter>
    </ClCompile>
    <ClCompile Include="Extension_Folder.cpp">
      <Filter>Source Files\Resource Files</Filter>
    </ClCompile>
  </ItemGroup>
  <ItemGroup>
    <ClInclude Include="CppCommponents\File.h">
      <Filter>Source Files\Resource Files\CppCommponents</Filter>
    </ClInclude>
    <ClInclude Include="CppCommponents\Folder.h">
      <Filter>Source Files\Resource Files\CppCommponents</Filter>
    </ClInclude>
    <ClInclude Include="CppCommponents\ImageRGBA.h">
      <Filter>Source Files\Resource Files\CppCommponents</Filter>
    </ClInclude>
    <ClInclude Include="CppCommponents\json.h">
      <Filter>Source Files\Resource Files\CppCommponents</Filter>
    </ClInclude>
    <ClInclude Include="CppCommponents\NameGenerators.h">
      <Filter>Source Files\Resource Files\CppCommponents</Filter>
    </ClInclude>
    <ClInclude Include="CppCommponents\Random.h">
      <Filter>Source Files\Resource Files\CppCommponents</Filter>
    </ClInclude>
    <ClInclude Include="CppCommponents\Rectangle2d.h">
      <Filter>Source Files\Resource Files\CppCommponents</Filter>
    </ClInclude>
    <ClInclude Include="CppCommponents\Search_BreadthFirst_2d.h">
      <Filter>Source Files\Resource Files\CppCommponents</Filter>
    </ClInclude>
    <ClInclude Include="CppCommponents\TempleteUtils.h">
      <Filter>Source Files\Resource Files\CppCommponents</Filter>
    </ClInclude>
    <ClInclude Include="Scene.h">
      <Filter>Source Files\Resource Files\Scene</Filter>
    </ClInclude>
    <ClInclude Include="WinProcess.h">
      <Filter>Source Files\N</Filter>
    </ClInclude>
    <ClInclude Include="Utils.h">
      <Filter>Header Files</Filter>
    </ClInclude>
    <ClInclude Include="ShaderWriter.h">
      <Filter>Source Files\Shaders\ShaderWriter</Filter>
    </ClInclude>
    <ClInclude Include="Engine.h">
      <Filter>Source Files\Resource Files</Filter>
    </ClInclude>
    <ClInclude Include="GUniverse.h">
      <Filter>Source Files\Shaders\GUniverse</Filter>
    </ClInclude>
    <ClInclude Include="Extension_Folder.h">
      <Filter>Source Files\Resource Files</Filter>
    </ClInclude>
    <ClInclude Include="universes\Universe_25_09_2025_23_44.h">
      <Filter>Source Files\Universe_25_09_2025_23_44</Filter>
    </ClInclude>
  </ItemGroup>
  <ItemGroup>
    <None Include="CppCommponents\README.md">
      <Filter>Source Files\Resource Files\CppCommponents</Filter>
    </None>
    <None Include="shaders\fragment_15.glsl">
      <Filter>Source Files\Universe_25_09_2025_23_44</Filter>
    </None>
    <None Include="shaders\vertex_15.glsl">
      <Filter>Source Files\Universe_25_09_2025_23_44</Filter>
    </None>
  </ItemGroup>
</Project>